
Microsoft Visual Studio Solution File, Format Version 12.00
# Visual Studio Version 17
VisualStudioVersion = 17.0.32112.339
MinimumVisualStudioVersion = 10.0.40219.1
Project("{FAE04EC0-301F-11D3-BF4B-00C04F79EFBC}") = "jwala.UWP", "jwala.UWP\jwala.UWP.csproj", "{EDB5B3D5-22DF-47F9-9334-3F33BC21809C}"
EndProject
Project("{FAE04EC0-301F-11D3-BF4B-00C04F79EFBC}") = "jwala.Android", "jwala.Android\jwala.Android.csproj", "{9CE65B06-A901-4DBC-9036-292C548070CC}"
EndProject
Project("{FAE04EC0-301F-11D3-BF4B-00C04F79EFBC}") = "jwala.iOS", "jwala.iOS\jwala.iOS.csproj", "{E4604DE2-F75F-4600-85DE-587C95017036}"
EndProject
Project("{9A19103F-16F7-4668-BE54-9A1E7A4F7556}") = "jwala", "jwala\jwala.csproj", "{1C1A44AD-8396-470B-84BB-013079D81423}"
EndProject
Project("{2150E333-8FDC-42A3-9474-1A3956D46DE8}") = "tests", "tests", "{13D92AC1-791E-44F3-936A-5561C9FEB75B}"
EndProject
Project("{9A19103F-16F7-4668-BE54-9A1E7A4F7556}") = "jwala.philipshuebridge.com.tests", "tests\jwala.philipshuebridge.com.tests\jwala.philipshuebridge.com.tests.csproj", "{2FC5B320-4536-4B94-8378-7EE5A557D5A0}"
EndProject
Project("{9A19103F-16F7-4668-BE54-9A1E7A4F7556}") = "jwala.philipshuebridge.com", "jwala.philipshuebridge.com\jwala.philipshuebridge.com.csproj", "{43F158A2-6971-4309-A386-E876C51F9695}"
EndProject
Global
	GlobalSection(SolutionConfigurationPlatforms) = preSolution
		Debug|Any CPU = Debug|Any CPU
		Debug|ARM = Debug|ARM
		Debug|iPhone = Debug|iPhone
		Debug|iPhoneSimulator = Debug|iPhoneSimulator
		Debug|x64 = Debug|x64
		Debug|x86 = Debug|x86
		Release|Any CPU = Release|Any CPU
		Release|ARM = Release|ARM
		Release|iPhone = Release|iPhone
		Release|iPhoneSimulator = Release|iPhoneSimulator
		Release|x64 = Release|x64
		Release|x86 = Release|x86
	EndGlobalSection
	GlobalSection(ProjectConfigurationPlatforms) = postSolution
		{EDB5B3D5-22DF-47F9-9334-3F33BC21809C}.Debug|Any CPU.ActiveCfg = Debug|x64
		{EDB5B3D5-22DF-47F9-9334-3F33BC21809C}.Debug|Any CPU.Build.0 = Debug|x64
		{EDB5B3D5-22DF-47F9-9334-3F33BC21809C}.Debug|Any CPU.Deploy.0 = Debug|x64
		{EDB5B3D5-22DF-47F9-9334-3F33BC21809C}.Debug|ARM.ActiveCfg = Debug|ARM
		{EDB5B3D5-22DF-47F9-9334-3F33BC21809C}.Debug|ARM.Build.0 = Debug|ARM
		{EDB5B3D5-22DF-47F9-9334-3F33BC21809C}.Debug|ARM.Deploy.0 = Debug|ARM
		{EDB5B3D5-22DF-47F9-9334-3F33BC21809C}.Debug|iPhone.ActiveCfg = Debug|x64
		{EDB5B3D5-22DF-47F9-9334-3F33BC21809C}.Debug|iPhone.Build.0 = Debug|x64
		{EDB5B3D5-22DF-47F9-9334-3F33BC21809C}.Debug|iPhone.Deploy.0 = Debug|x64
		{EDB5B3D5-22DF-47F9-9334-3F33BC21809C}.Debug|iPhoneSimulator.ActiveCfg = Debug|x64
		{EDB5B3D5-22DF-47F9-9334-3F33BC21809C}.Debug|iPhoneSimulator.Build.0 = Debug|x64
		{EDB5B3D5-22DF-47F9-9334-3F33BC21809C}.Debug|iPhoneSimulator.Deploy.0 = Debug|x64
		{EDB5B3D5-22DF-47F9-9334-3F33BC21809C}.Debug|x64.ActiveCfg = Debug|x64
		{EDB5B3D5-22DF-47F9-9334-3F33BC21809C}.Debug|x64.Build.0 = Debug|x64
		{EDB5B3D5-22DF-47F9-9334-3F33BC21809C}.Debug|x64.Deploy.0 = Debug|x64
		{EDB5B3D5-22DF-47F9-9334-3F33BC21809C}.Debug|x86.ActiveCfg = Debug|x86
		{EDB5B3D5-22DF-47F9-9334-3F33BC21809C}.Debug|x86.Build.0 = Debug|x86
		{EDB5B3D5-22DF-47F9-9334-3F33BC21809C}.Debug|x86.Deploy.0 = Debug|x86
		{EDB5B3D5-22DF-47F9-9334-3F33BC21809C}.Release|Any CPU.ActiveCfg = Release|x64
		{EDB5B3D5-22DF-47F9-9334-3F33BC21809C}.Release|Any CPU.Build.0 = Release|x64
		{EDB5B3D5-22DF-47F9-9334-3F33BC21809C}.Release|Any CPU.Deploy.0 = Release|x64
		{EDB5B3D5-22DF-47F9-9334-3F33BC21809C}.Release|ARM.ActiveCfg = Release|ARM
		{EDB5B3D5-22DF-47F9-9334-3F33BC21809C}.Release|ARM.Build.0 = Release|ARM
		{EDB5B3D5-22DF-47F9-9334-3F33BC21809C}.Release|ARM.Deploy.0 = Release|ARM
		{EDB5B3D5-22DF-47F9-9334-3F33BC21809C}.Release|iPhone.ActiveCfg = Release|x64
		{EDB5B3D5-22DF-47F9-9334-3F33BC21809C}.Release|iPhone.Build.0 = Release|x64
		{EDB5B3D5-22DF-47F9-9334-3F33BC21809C}.Release|iPhone.Deploy.0 = Release|x64
		{EDB5B3D5-22DF-47F9-9334-3F33BC21809C}.Release|iPhoneSimulator.ActiveCfg = Release|x64
		{EDB5B3D5-22DF-47F9-9334-3F33BC21809C}.Release|iPhoneSimulator.Build.0 = Release|x64
		{EDB5B3D5-22DF-47F9-9334-3F33BC21809C}.Release|iPhoneSimulator.Deploy.0 = Release|x64
		{EDB5B3D5-22DF-47F9-9334-3F33BC21809C}.Release|x64.ActiveCfg = Release|x64
		{EDB5B3D5-22DF-47F9-9334-3F33BC21809C}.Release|x64.Build.0 = Release|x64
		{EDB5B3D5-22DF-47F9-9334-3F33BC21809C}.Release|x64.Deploy.0 = Release|x64
		{EDB5B3D5-22DF-47F9-9334-3F33BC21809C}.Release|x86.ActiveCfg = Release|x86
		{EDB5B3D5-22DF-47F9-9334-3F33BC21809C}.Release|x86.Build.0 = Release|x86
		{EDB5B3D5-22DF-47F9-9334-3F33BC21809C}.Release|x86.Deploy.0 = Release|x86
		{9CE65B06-A901-4DBC-9036-292C548070CC}.Debug|Any CPU.ActiveCfg = Debug|Any CPU
		{9CE65B06-A901-4DBC-9036-292C548070CC}.Debug|Any CPU.Build.0 = Debug|Any CPU
		{9CE65B06-A901-4DBC-9036-292C548070CC}.Debug|Any CPU.Deploy.0 = Debug|Any CPU
		{9CE65B06-A901-4DBC-9036-292C548070CC}.Debug|ARM.ActiveCfg = Debug|Any CPU
		{9CE65B06-A901-4DBC-9036-292C548070CC}.Debug|ARM.Build.0 = Debug|Any CPU
		{9CE65B06-A901-4DBC-9036-292C548070CC}.Debug|ARM.Deploy.0 = Debug|Any CPU
		{9CE65B06-A901-4DBC-9036-292C548070CC}.Debug|iPhone.ActiveCfg = Debug|Any CPU
		{9CE65B06-A901-4DBC-9036-292C548070CC}.Debug|iPhone.Build.0 = Debug|Any CPU
		{9CE65B06-A901-4DBC-9036-292C548070CC}.Debug|iPhone.Deploy.0 = Debug|Any CPU
		{9CE65B06-A901-4DBC-9036-292C548070CC}.Debug|iPhoneSimulator.ActiveCfg = Debug|Any CPU
		{9CE65B06-A901-4DBC-9036-292C548070CC}.Debug|iPhoneSimulator.Build.0 = Debug|Any CPU
		{9CE65B06-A901-4DBC-9036-292C548070CC}.Debug|iPhoneSimulator.Deploy.0 = Debug|Any CPU
		{9CE65B06-A901-4DBC-9036-292C548070CC}.Debug|x64.ActiveCfg = Debug|Any CPU
		{9CE65B06-A901-4DBC-9036-292C548070CC}.Debug|x64.Build.0 = Debug|Any CPU
		{9CE65B06-A901-4DBC-9036-292C548070CC}.Debug|x64.Deploy.0 = Debug|Any CPU
		{9CE65B06-A901-4DBC-9036-292C548070CC}.Debug|x86.ActiveCfg = Debug|Any CPU
		{9CE65B06-A901-4DBC-9036-292C548070CC}.Debug|x86.Build.0 = Debug|Any CPU
		{9CE65B06-A901-4DBC-9036-292C548070CC}.Debug|x86.Deploy.0 = Debug|Any CPU
		{9CE65B06-A901-4DBC-9036-292C548070CC}.Release|Any CPU.ActiveCfg = Release|Any CPU
		{9CE65B06-A901-4DBC-9036-292C548070CC}.Release|Any CPU.Build.0 = Release|Any CPU
		{9CE65B06-A901-4DBC-9036-292C548070CC}.Release|Any CPU.Deploy.0 = Release|Any CPU
		{9CE65B06-A901-4DBC-9036-292C548070CC}.Release|ARM.ActiveCfg = Release|Any CPU
		{9CE65B06-A901-4DBC-9036-292C548070CC}.Release|ARM.Build.0 = Release|Any CPU
		{9CE65B06-A901-4DBC-9036-292C548070CC}.Release|ARM.Deploy.0 = Release|Any CPU
		{9CE65B06-A901-4DBC-9036-292C548070CC}.Release|iPhone.ActiveCfg = Release|Any CPU
		{9CE65B06-A901-4DBC-9036-292C548070CC}.Release|iPhone.Build.0 = Release|Any CPU
		{9CE65B06-A901-4DBC-9036-292C548070CC}.Release|iPhone.Deploy.0 = Release|Any CPU
		{9CE65B06-A901-4DBC-9036-292C548070CC}.Release|iPhoneSimulator.ActiveCfg = Release|Any CPU
		{9CE65B06-A901-4DBC-9036-292C548070CC}.Release|iPhoneSimulator.Build.0 = Release|Any CPU
		{9CE65B06-A901-4DBC-9036-292C548070CC}.Release|iPhoneSimulator.Deploy.0 = Release|Any CPU
		{9CE65B06-A901-4DBC-9036-292C548070CC}.Release|x64.ActiveCfg = Release|Any CPU
		{9CE65B06-A901-4DBC-9036-292C548070CC}.Release|x64.Build.0 = Release|Any CPU
		{9CE65B06-A901-4DBC-9036-292C548070CC}.Release|x64.Deploy.0 = Release|Any CPU
		{9CE65B06-A901-4DBC-9036-292C548070CC}.Release|x86.ActiveCfg = Release|Any CPU
		{9CE65B06-A901-4DBC-9036-292C548070CC}.Release|x86.Build.0 = Release|Any CPU
		{9CE65B06-A901-4DBC-9036-292C548070CC}.Release|x86.Deploy.0 = Release|Any CPU
		{E4604DE2-F75F-4600-85DE-587C95017036}.Debug|Any CPU.ActiveCfg = Debug|iPhoneSimulator
		{E4604DE2-F75F-4600-85DE-587C95017036}.Debug|Any CPU.Build.0 = Debug|iPhoneSimulator
		{E4604DE2-F75F-4600-85DE-587C95017036}.Debug|Any CPU.Deploy.0 = Debug|iPhoneSimulator
		{E4604DE2-F75F-4600-85DE-587C95017036}.Debug|ARM.ActiveCfg = Debug|iPhoneSimulator
		{E4604DE2-F75F-4600-85DE-587C95017036}.Debug|ARM.Build.0 = Debug|iPhoneSimulator
		{E4604DE2-F75F-4600-85DE-587C95017036}.Debug|ARM.Deploy.0 = Debug|iPhoneSimulator
		{E4604DE2-F75F-4600-85DE-587C95017036}.Debug|iPhone.ActiveCfg = Debug|iPhone
		{E4604DE2-F75F-4600-85DE-587C95017036}.Debug|iPhone.Build.0 = Debug|iPhone
		{E4604DE2-F75F-4600-85DE-587C95017036}.Debug|iPhone.Deploy.0 = Debug|iPhone
		{E4604DE2-F75F-4600-85DE-587C95017036}.Debug|iPhoneSimulator.ActiveCfg = Debug|iPhoneSimulator
		{E4604DE2-F75F-4600-85DE-587C95017036}.Debug|iPhoneSimulator.Build.0 = Debug|iPhoneSimulator
		{E4604DE2-F75F-4600-85DE-587C95017036}.Debug|iPhoneSimulator.Deploy.0 = Debug|iPhoneSimulator
		{E4604DE2-F75F-4600-85DE-587C95017036}.Debug|x64.ActiveCfg = Debug|iPhone
		{E4604DE2-F75F-4600-85DE-587C95017036}.Debug|x64.Build.0 = Debug|iPhone
		{E4604DE2-F75F-4600-85DE-587C95017036}.Debug|x64.Deploy.0 = Debug|iPhone
		{E4604DE2-F75F-4600-85DE-587C95017036}.Debug|x86.ActiveCfg = Debug|iPhoneSimulator
		{E4604DE2-F75F-4600-85DE-587C95017036}.Debug|x86.Build.0 = Debug|iPhoneSimulator
		{E4604DE2-F75F-4600-85DE-587C95017036}.Debug|x86.Deploy.0 = Debug|iPhoneSimulator
		{E4604DE2-F75F-4600-85DE-587C95017036}.Release|Any CPU.ActiveCfg = Release|iPhoneSimulator
		{E4604DE2-F75F-4600-85DE-587C95017036}.Release|Any CPU.Build.0 = Release|iPhoneSimulator
		{E4604DE2-F75F-4600-85DE-587C95017036}.Release|Any CPU.Deploy.0 = Release|iPhoneSimulator
		{E4604DE2-F75F-4600-85DE-587C95017036}.Release|ARM.ActiveCfg = Release|iPhoneSimulator
		{E4604DE2-F75F-4600-85DE-587C95017036}.Release|ARM.Build.0 = Release|iPhoneSimulator
		{E4604DE2-F75F-4600-85DE-587C95017036}.Release|ARM.Deploy.0 = Release|iPhoneSimulator
		{E4604DE2-F75F-4600-85DE-587C95017036}.Release|iPhone.ActiveCfg = Release|iPhone
		{E4604DE2-F75F-4600-85DE-587C95017036}.Release|iPhone.Build.0 = Release|iPhone
		{E4604DE2-F75F-4600-85DE-587C95017036}.Release|iPhone.Deploy.0 = Release|iPhone
		{E4604DE2-F75F-4600-85DE-587C95017036}.Release|iPhoneSimulator.ActiveCfg = Release|iPhoneSimulator
		{E4604DE2-F75F-4600-85DE-587C95017036}.Release|iPhoneSimulator.Build.0 = Release|iPhoneSimulator
		{E4604DE2-F75F-4600-85DE-587C95017036}.Release|iPhoneSimulator.Deploy.0 = Release|iPhoneSimulator
		{E4604DE2-F75F-4600-85DE-587C95017036}.Release|x64.ActiveCfg = Release|iPhoneSimulator
		{E4604DE2-F75F-4600-85DE-587C95017036}.Release|x64.Build.0 = Release|iPhoneSimulator
		{E4604DE2-F75F-4600-85DE-587C95017036}.Release|x64.Deploy.0 = Release|iPhoneSimulator
		{E4604DE2-F75F-4600-85DE-587C95017036}.Release|x86.ActiveCfg = Release|iPhoneSimulator
		{E4604DE2-F75F-4600-85DE-587C95017036}.Release|x86.Build.0 = Release|iPhoneSimulator
		{E4604DE2-F75F-4600-85DE-587C95017036}.Release|x86.Deploy.0 = Release|iPhoneSimulator
		{1C1A44AD-8396-470B-84BB-013079D81423}.Debug|Any CPU.ActiveCfg = Debug|Any CPU
		{1C1A44AD-8396-470B-84BB-013079D81423}.Debug|Any CPU.Build.0 = Debug|Any CPU
		{1C1A44AD-8396-470B-84BB-013079D81423}.Debug|Any CPU.Deploy.0 = Debug|Any CPU
		{1C1A44AD-8396-470B-84BB-013079D81423}.Debug|ARM.ActiveCfg = Debug|Any CPU
		{1C1A44AD-8396-470B-84BB-013079D81423}.Debug|ARM.Build.0 = Debug|Any CPU
		{1C1A44AD-8396-470B-84BB-013079D81423}.Debug|ARM.Deploy.0 = Debug|Any CPU
		{1C1A44AD-8396-470B-84BB-013079D81423}.Debug|iPhone.ActiveCfg = Debug|Any CPU
		{1C1A44AD-8396-470B-84BB-013079D81423}.Debug|iPhone.Build.0 = Debug|Any CPU
		{1C1A44AD-8396-470B-84BB-013079D81423}.Debug|iPhone.Deploy.0 = Debug|Any CPU
		{1C1A44AD-8396-470B-84BB-013079D81423}.Debug|iPhoneSimulator.ActiveCfg = Debug|Any CPU
		{1C1A44AD-8396-470B-84BB-013079D81423}.Debug|iPhoneSimulator.Build.0 = Debug|Any CPU
		{1C1A44AD-8396-470B-84BB-013079D81423}.Debug|iPhoneSimulator.Deploy.0 = Debug|Any CPU
		{1C1A44AD-8396-470B-84BB-013079D81423}.Debug|x64.ActiveCfg = Debug|Any CPU
		{1C1A44AD-8396-470B-84BB-013079D81423}.Debug|x64.Build.0 = Debug|Any CPU
		{1C1A44AD-8396-470B-84BB-013079D81423}.Debug|x64.Deploy.0 = Debug|Any CPU
		{1C1A44AD-8396-470B-84BB-013079D81423}.Debug|x86.ActiveCfg = Debug|Any CPU
		{1C1A44AD-8396-470B-84BB-013079D81423}.Debug|x86.Build.0 = Debug|Any CPU
		{1C1A44AD-8396-470B-84BB-013079D81423}.Debug|x86.Deploy.0 = Debug|Any CPU
		{1C1A44AD-8396-470B-84BB-013079D81423}.Release|Any CPU.ActiveCfg = Release|Any CPU
		{1C1A44AD-8396-470B-84BB-013079D81423}.Release|Any CPU.Build.0 = Release|Any CPU
		{1C1A44AD-8396-470B-84BB-013079D81423}.Release|Any CPU.Deploy.0 = Release|Any CPU
		{1C1A44AD-8396-470B-84BB-013079D81423}.Release|ARM.ActiveCfg = Release|Any CPU
		{1C1A44AD-8396-470B-84BB-013079D81423}.Release|ARM.Build.0 = Release|Any CPU
		{1C1A44AD-8396-470B-84BB-013079D81423}.Release|ARM.Deploy.0 = Release|Any CPU
		{1C1A44AD-8396-470B-84BB-013079D81423}.Release|iPhone.ActiveCfg = Release|Any CPU
		{1C1A44AD-8396-470B-84BB-013079D81423}.Release|iPhone.Build.0 = Release|Any CPU
		{1C1A44AD-8396-470B-84BB-013079D81423}.Release|iPhone.Deploy.0 = Release|Any CPU
		{1C1A44AD-8396-470B-84BB-013079D81423}.Release|iPhoneSimulator.ActiveCfg = Release|Any CPU
		{1C1A44AD-8396-470B-84BB-013079D81423}.Release|iPhoneSimulator.Build.0 = Release|Any CPU
		{1C1A44AD-8396-470B-84BB-013079D81423}.Release|iPhoneSimulator.Deploy.0 = Release|Any CPU
		{1C1A44AD-8396-470B-84BB-013079D81423}.Release|x64.ActiveCfg = Release|Any CPU
		{1C1A44AD-8396-470B-84BB-013079D81423}.Release|x64.Build.0 = Release|Any CPU
		{1C1A44AD-8396-470B-84BB-013079D81423}.Release|x64.Deploy.0 = Release|Any CPU
		{1C1A44AD-8396-470B-84BB-013079D81423}.Release|x86.ActiveCfg = Release|Any CPU
		{1C1A44AD-8396-470B-84BB-013079D81423}.Release|x86.Build.0 = Release|Any CPU
		{1C1A44AD-8396-470B-84BB-013079D81423}.Release|x86.Deploy.0 = Release|Any CPU
		{2FC5B320-4536-4B94-8378-7EE5A557D5A0}.Debug|Any CPU.ActiveCfg = Debug|Any CPU
		{2FC5B320-4536-4B94-8378-7EE5A557D5A0}.Debug|Any CPU.Build.0 = Debug|Any CPU
		{2FC5B320-4536-4B94-8378-7EE5A557D5A0}.Debug|ARM.ActiveCfg = Debug|Any CPU
		{2FC5B320-4536-4B94-8378-7EE5A557D5A0}.Debug|ARM.Build.0 = Debug|Any CPU
		{2FC5B320-4536-4B94-8378-7EE5A557D5A0}.Debug|iPhone.ActiveCfg = Debug|Any CPU
		{2FC5B320-4536-4B94-8378-7EE5A557D5A0}.Debug|iPhone.Build.0 = Debug|Any CPU
		{2FC5B320-4536-4B94-8378-7EE5A557D5A0}.Debug|iPhoneSimulator.ActiveCfg = Debug|Any CPU
		{2FC5B320-4536-4B94-8378-7EE5A557D5A0}.Debug|iPhoneSimulator.Build.0 = Debug|Any CPU
		{2FC5B320-4536-4B94-8378-7EE5A557D5A0}.Debug|x64.ActiveCfg = Debug|Any CPU
		{2FC5B320-4536-4B94-8378-7EE5A557D5A0}.Debug|x64.Build.0 = Debug|Any CPU
		{2FC5B320-4536-4B94-8378-7EE5A557D5A0}.Debug|x86.ActiveCfg = Debug|Any CPU
		{2FC5B320-4536-4B94-8378-7EE5A557D5A0}.Debug|x86.Build.0 = Debug|Any CPU
		{2FC5B320-4536-4B94-8378-7EE5A557D5A0}.Release|Any CPU.ActiveCfg = Release|Any CPU
		{2FC5B320-4536-4B94-8378-7EE5A557D5A0}.Release|Any CPU.Build.0 = Release|Any CPU
		{2FC5B320-4536-4B94-8378-7EE5A557D5A0}.Release|ARM.ActiveCfg = Release|Any CPU
		{2FC5B320-4536-4B94-8378-7EE5A557D5A0}.Release|ARM.Build.0 = Release|Any CPU
		{2FC5B320-4536-4B94-8378-7EE5A557D5A0}.Release|iPhone.ActiveCfg = Release|Any CPU
		{2FC5B320-4536-4B94-8378-7EE5A557D5A0}.Release|iPhone.Build.0 = Release|Any CPU
		{2FC5B320-4536-4B94-8378-7EE5A557D5A0}.Release|iPhoneSimulator.ActiveCfg = Release|Any CPU
		{2FC5B320-4536-4B94-8378-7EE5A557D5A0}.Release|iPhoneSimulator.Build.0 = Release|Any CPU
		{2FC5B320-4536-4B94-8378-7EE5A557D5A0}.Release|x64.ActiveCfg = Release|Any CPU
		{2FC5B320-4536-4B94-8378-7EE5A557D5A0}.Release|x64.Build.0 = Release|Any CPU
		{2FC5B320-4536-4B94-8378-7EE5A557D5A0}.Release|x86.ActiveCfg = Release|Any CPU
		{2FC5B320-4536-4B94-8378-7EE5A557D5A0}.Release|x86.Build.0 = Release|Any CPU
		{43F158A2-6971-4309-A386-E876C51F9695}.Debug|Any CPU.ActiveCfg = Debug|Any CPU
		{43F158A2-6971-4309-A386-E876C51F9695}.Debug|Any CPU.Build.0 = Debug|Any CPU
		{43F158A2-6971-4309-A386-E876C51F9695}.Debug|ARM.ActiveCfg = Debug|Any CPU
		{43F158A2-6971-4309-A386-E876C51F9695}.Debug|ARM.Build.0 = Debug|Any CPU
		{43F158A2-6971-4309-A386-E876C51F9695}.Debug|iPhone.ActiveCfg = Debug|Any CPU
		{43F158A2-6971-4309-A386-E876C51F9695}.Debug|iPhone.Build.0 = Debug|Any CPU
		{43F158A2-6971-4309-A386-E876C51F9695}.Debug|iPhoneSimulator.ActiveCfg = Debug|Any CPU
		{43F158A2-6971-4309-A386-E876C51F9695}.Debug|iPhoneSimulator.Build.0 = Debug|Any CPU
		{43F158A2-6971-4309-A386-E876C51F9695}.Debug|x64.ActiveCfg = Debug|Any CPU
		{43F158A2-6971-4309-A386-E876C51F9695}.Debug|x64.Build.0 = Debug|Any CPU
		{43F158A2-6971-4309-A386-E876C51F9695}.Debug|x86.ActiveCfg = Debug|Any CPU
		{43F158A2-6971-4309-A386-E876C51F9695}.Debug|x86.Build.0 = Debug|Any CPU
		{43F158A2-6971-4309-A386-E876C51F9695}.Release|Any CPU.ActiveCfg = Release|Any CPU
		{43F158A2-6971-4309-A386-E876C51F9695}.Release|Any CPU.Build.0 = Release|Any CPU
		{43F158A2-6971-4309-A386-E876C51F9695}.Release|ARM.ActiveCfg = Release|Any CPU
		{43F158A2-6971-4309-A386-E876C51F9695}.Release|ARM.Build.0 = Release|Any CPU
		{43F158A2-6971-4309-A386-E876C51F9695}.Release|iPhone.ActiveCfg = Release|Any CPU
		{43F158A2-6971-4309-A386-E876C51F9695}.Release|iPhone.Build.0 = Release|Any CPU
		{43F158A2-6971-4309-A386-E876C51F9695}.Release|iPhoneSimulator.ActiveCfg = Release|Any CPU
		{43F158A2-6971-4309-A386-E876C51F9695}.Release|iPhoneSimulator.Build.0 = Release|Any CPU
		{43F158A2-6971-4309-A386-E876C51F9695}.Release|x64.ActiveCfg = Release|Any CPU
		{43F158A2-6971-4309-A386-E876C51F9695}.Release|x64.Build.0 = Release|Any CPU
		{43F158A2-6971-4309-A386-E876C51F9695}.Release|x86.ActiveCfg = Release|Any CPU
		{43F158A2-6971-4309-A386-E876C51F9695}.Release|x86.Build.0 = Release|Any CPU
	EndGlobalSection
	GlobalSection(SolutionProperties) = preSolution
		HideSolutionNode = FALSE
	EndGlobalSection
	GlobalSection(NestedProjects) = preSolution
		{2FC5B320-4536-4B94-8378-7EE5A557D5A0} = {13D92AC1-791E-44F3-936A-5561C9FEB75B}
	EndGlobalSection
	GlobalSection(ExtensibilityGlobals) = postSolution
		SolutionGuid = {2CBA4364-0887-4276-84C2-CD698CB9F7E5}
	EndGlobalSection
EndGlobal
